
Microsoft Visual Studio Solution File, Format Version 12.00
# Visual Studio 15
VisualStudioVersion = 15.0.26730.16
MinimumVisualStudioVersion = 10.0.40219.1
Project("{FAE04EC0-301F-11D3-BF4B-00C04F79EFBC}") = "ShoppingCart.Web", "ShoppingCart.Web\ShoppingCart.Web.csproj", "{A11E81AE-D5D0-4866-A228-CA51285D6CA5}"
EndProject
Project("{FAE04EC0-301F-11D3-BF4B-00C04F79EFBC}") = "ShoppingCart.Web.Tests", "ShoppingCart.Web.Tests\ShoppingCart.Web.Tests.csproj", "{27832843-ADB5-4420-9CE4-9778752867F9}"
EndProject
Project("{9A19103F-16F7-4668-BE54-9A1E7A4F7556}") = "ShoppingCart.BLL", "ShoppingCart.BLL\ShoppingCart.BLL.csproj", "{2E692C81-0D1C-4084-BB2F-BDA01E93945E}"
EndProject
Project("{9A19103F-16F7-4668-BE54-9A1E7A4F7556}") = "ShoppingCart.DAL", "ShoppingCart.DAL\ShoppingCart.DAL.csproj", "{EBBE0EB5-A9BD-46F2-A6AD-F329F2D00A22}"
EndProject
Project("{FAE04EC0-301F-11D3-BF4B-00C04F79EFBC}") = "ShoppingCart.BLL.Tests", "ShoppingCart.BLL.Tests\ShoppingCart.BLL.Tests.csproj", "{4DBBA83F-8EE9-4E67-B35D-2EBF8BBD73E5}"
EndProject
Project("{2150E333-8FDC-42A3-9474-1A3956D46DE8}") = "Tests", "Tests", "{2090FFDB-28FC-4843-8670-770C4B938016}"
EndProject
Global
	GlobalSection(SolutionConfigurationPlatforms) = preSolution
		Debug|Any CPU = Debug|Any CPU
		Release|Any CPU = Release|Any CPU
	EndGlobalSection
	GlobalSection(ProjectConfigurationPlatforms) = postSolution
		{A11E81AE-D5D0-4866-A228-CA51285D6CA5}.Debug|Any CPU.ActiveCfg = Debug|Any CPU
		{A11E81AE-D5D0-4866-A228-CA51285D6CA5}.Debug|Any CPU.Build.0 = Debug|Any CPU
		{A11E81AE-D5D0-4866-A228-CA51285D6CA5}.Release|Any CPU.ActiveCfg = Release|Any CPU
		{A11E81AE-D5D0-4866-A228-CA51285D6CA5}.Release|Any CPU.Build.0 = Release|Any CPU
		{27832843-ADB5-4420-9CE4-9778752867F9}.Debug|Any CPU.ActiveCfg = Debug|Any CPU
		{27832843-ADB5-4420-9CE4-9778752867F9}.Debug|Any CPU.Build.0 = Debug|Any CPU
		{27832843-ADB5-4420-9CE4-9778752867F9}.Release|Any CPU.ActiveCfg = Release|Any CPU
		{27832843-ADB5-4420-9CE4-9778752867F9}.Release|Any CPU.Build.0 = Release|Any CPU
		{2E692C81-0D1C-4084-BB2F-BDA01E93945E}.Debug|Any CPU.ActiveCfg = Debug|Any CPU
		{2E692C81-0D1C-4084-BB2F-BDA01E93945E}.Debug|Any CPU.Build.0 = Debug|Any CPU
		{2E692C81-0D1C-4084-BB2F-BDA01E93945E}.Release|Any CPU.ActiveCfg = Release|Any CPU
		{2E692C81-0D1C-4084-BB2F-BDA01E93945E}.Release|Any CPU.Build.0 = Release|Any CPU
		{EBBE0EB5-A9BD-46F2-A6AD-F329F2D00A22}.Debug|Any CPU.ActiveCfg = Debug|Any CPU
		{EBBE0EB5-A9BD-46F2-A6AD-F329F2D00A22}.Debug|Any CPU.Build.0 = Debug|Any CPU
		{EBBE0EB5-A9BD-46F2-A6AD-F329F2D00A22}.Release|Any CPU.ActiveCfg = Release|Any CPU
		{EBBE0EB5-A9BD-46F2-A6AD-F329F2D00A22}.Release|Any CPU.Build.0 = Release|Any CPU
		{4DBBA83F-8EE9-4E67-B35D-2EBF8BBD73E5}.Debug|Any CPU.ActiveCfg = Debug|Any CPU
		{4DBBA83F-8EE9-4E67-B35D-2EBF8BBD73E5}.Debug|Any CPU.Build.0 = Debug|Any CPU
		{4DBBA83F-8EE9-4E67-B35D-2EBF8BBD73E5}.Release|Any CPU.ActiveCfg = Release|Any CPU
		{4DBBA83F-8EE9-4E67-B35D-2EBF8BBD73E5}.Release|Any CPU.Build.0 = Release|Any CPU
	EndGlobalSection
	GlobalSection(SolutionProperties) = preSolution
		HideSolutionNode = FALSE
	EndGlobalSection
	GlobalSection(NestedProjects) = preSolution
		{27832843-ADB5-4420-9CE4-9778752867F9} = {2090FFDB-28FC-4843-8670-770C4B938016}
		{4DBBA83F-8EE9-4E67-B35D-2EBF8BBD73E5} = {2090FFDB-28FC-4843-8670-770C4B938016}
	EndGlobalSection
	GlobalSection(ExtensibilityGlobals) = postSolution
		SolutionGuid = {DE0C006D-DE62-413C-8565-6EC2DFA1F7BA}
	EndGlobalSection
EndGlobal
